
Microsoft Visual Studio Solution File, Format Version 12.00
# Visual Studio Version 17
VisualStudioVersion = 17.11.35222.181
MinimumVisualStudioVersion = 10.0.40219.1
Project("{FAE04EC0-301F-11D3-BF4B-00C04F79EFBC}") = "SeparateVocieStream", "SeparateVocieStream\SeparateVocieStream.csproj", "{DA640C01-AC8D-4C80-94B6-611FD8CC0EC6}"
EndProject
Global
	GlobalSection(SolutionConfigurationPlatforms) = preSolution
		Debug|Any CPU = Debug|Any CPU
		Release|Any CPU = Release|Any CPU
	EndGlobalSection
	GlobalSection(ProjectConfigurationPlatforms) = postSolution
		{DA640C01-AC8D-4C80-94B6-611FD8CC0EC6}.Debug|Any CPU.ActiveCfg = Debug|Any CPU
		{DA640C01-AC8D-4C80-94B6-611FD8CC0EC6}.Debug|Any CPU.Build.0 = Debug|Any CPU
		{DA640C01-AC8D-4C80-94B6-611FD8CC0EC6}.Release|Any CPU.ActiveCfg = Release|Any CPU
		{DA640C01-AC8D-4C80-94B6-611FD8CC0EC6}.Release|Any CPU.Build.0 = Release|Any CPU
	EndGlobalSection
	GlobalSection(SolutionProperties) = preSolution
		HideSolutionNode = FALSE
	EndGlobalSection
	GlobalSection(ExtensibilityGlobals) = postSolution
		SolutionGuid = {7D654700-3332-4821-920C-BB94B886EFEB}
	EndGlobalSection
EndGlobal
